// !$*UTF8*$!
{
	archiveVersion = 1;
	classes = {
	};
	objectVersion = 56;
	objects = {

/* Begin PBXBuildFile section */
		0CE8F6472A5CDC26002BAFA1 /* GoogleService-Info.plist in Resources */ = {isa = PBXBuildFile; fileRef = 0CE8F6462A5CDC26002BAFA1 /* GoogleService-Info.plist */; };
		8A87EF21CDDBF222A8D83F4F /* Pods_w3s_ios_sample_app_wallets.framework in Frameworks */ = {isa = PBXBuildFile; fileRef = F095FAC15E5990E5728EEDA8 /* Pods_w3s_ios_sample_app_wallets.framework */; };
		B3BEDECF2A50648300861533 /* w3s_ios_sample_app_walletsApp.swift in Sources */ = {isa = PBXBuildFile; fileRef = B3BEDECE2A50648300861533 /* w3s_ios_sample_app_walletsApp.swift */; };
		B3BEDED62A50648400861533 /* Preview Assets.xcassets in Resources */ = {isa = PBXBuildFile; fileRef = B3BEDED52A50648400861533 /* Preview Assets.xcassets */; };
		B3BEDEDE2A5064E800861533 /* WalletSdkAdapter.swift in Sources */ = {isa = PBXBuildFile; fileRef = B3BEDEDC2A5064E800861533 /* WalletSdkAdapter.swift */; };
		B3BEDEDF2A5064E800861533 /* ContentView.swift in Sources */ = {isa = PBXBuildFile; fileRef = B3BEDEDD2A5064E800861533 /* ContentView.swift */; };
		B3BEDEE62A50651700861533 /* UserDefault.swift in Sources */ = {isa = PBXBuildFile; fileRef = B3BEDEE32A50651700861533 /* UserDefault.swift */; };
		B3BEDEE72A50651700861533 /* Utility.swift in Sources */ = {isa = PBXBuildFile; fileRef = B3BEDEE42A50651700861533 /* Utility.swift */; };
		B3BEDEE82A50651700861533 /* Toast.swift in Sources */ = {isa = PBXBuildFile; fileRef = B3BEDEE52A50651700861533 /* Toast.swift */; };
		B3BEDEEA2A50653C00861533 /* Assets.xcassets in Resources */ = {isa = PBXBuildFile; fileRef = B3BEDEE92A50653B00861533 /* Assets.xcassets */; };
		CC2584A32A54CD0F00FCDBE8 /* FirebaseAuth in Frameworks */ = {isa = PBXBuildFile; productRef = CC2584A22A54CD0F00FCDBE8 /* FirebaseAuth */; };
		CC2584A52A54D0B200FCDBE8 /* AuthenticationViewModel.swift in Sources */ = {isa = PBXBuildFile; fileRef = CC2584A42A54D0B200FCDBE8 /* AuthenticationViewModel.swift */; };
		CC2584A82A54D25500FCDBE8 /* GoogleSignInSwift in Frameworks */ = {isa = PBXBuildFile; productRef = CC2584A72A54D25500FCDBE8 /* GoogleSignInSwift */; };
		CC2584AA2A54D28800FCDBE8 /* GoogleSignInButton.swift in Sources */ = {isa = PBXBuildFile; fileRef = CC2584A92A54D28800FCDBE8 /* GoogleSignInButton.swift */; };
		CC2584AC2A54D2E000FCDBE8 /* LoginView.swift in Sources */ = {isa = PBXBuildFile; fileRef = CC2584AB2A54D2E000FCDBE8 /* LoginView.swift */; };
		CC2584AE2A54D30A00FCDBE8 /* HomeView.swift in Sources */ = {isa = PBXBuildFile; fileRef = CC2584AD2A54D30A00FCDBE8 /* HomeView.swift */; };
		CC2584B02A54ECC400FCDBE8 /* CircleLoadingView.swift in Sources */ = {isa = PBXBuildFile; fileRef = CC2584AF2A54ECC400FCDBE8 /* CircleLoadingView.swift */; };
		CC2584B42A5621D200FCDBE8 /* CircleWalletViewModel.swift in Sources */ = {isa = PBXBuildFile; fileRef = CC2584B32A5621D100FCDBE8 /* CircleWalletViewModel.swift */; };
/* End PBXBuildFile section */

/* Begin PBXFileReference section */
		0C961FFE2A58A8600070883F /* w3s-ios-sample-app-wallets.entitlements */ = {isa = PBXFileReference; lastKnownFileType = text.plist.entitlements; path = "w3s-ios-sample-app-wallets.entitlements"; sourceTree = "<group>"; };
		0CE8F6462A5CDC26002BAFA1 /* GoogleService-Info.plist */ = {isa = PBXFileReference; fileEncoding = 4; lastKnownFileType = text.plist.xml; path = "GoogleService-Info.plist"; sourceTree = "<group>"; };
		2A3CF7646C645C27CFAD775D /* Pods-w3s-ios-sample-app-wallets.debug.xcconfig */ = {isa = PBXFileReference; includeInIndex = 1; lastKnownFileType = text.xcconfig; name = "Pods-w3s-ios-sample-app-wallets.debug.xcconfig"; path = "Target Support Files/Pods-w3s-ios-sample-app-wallets/Pods-w3s-ios-sample-app-wallets.debug.xcconfig"; sourceTree = "<group>"; };
		B3BEDECB2A50648300861533 /* w3s-ios-sample-app-wallets.app */ = {isa = PBXFileReference; explicitFileType = wrapper.application; includeInIndex = 0; path = "w3s-ios-sample-app-wallets.app"; sourceTree = BUILT_PRODUCTS_DIR; };
		B3BEDECE2A50648300861533 /* w3s_ios_sample_app_walletsApp.swift */ = {isa = PBXFileReference; lastKnownFileType = sourcecode.swift; path = w3s_ios_sample_app_walletsApp.swift; sourceTree = "<group>"; };
		B3BEDED52A50648400861533 /* Preview Assets.xcassets */ = {isa = PBXFileReference; lastKnownFileType = folder.assetcatalog; path = "Preview Assets.xcassets"; sourceTree = "<group>"; };
		B3BEDEDC2A5064E800861533 /* WalletSdkAdapter.swift */ = {isa = PBXFileReference; fileEncoding = 4; lastKnownFileType = sourcecode.swift; path = WalletSdkAdapter.swift; sourceTree = "<group>"; };
		B3BEDEDD2A5064E800861533 /* ContentView.swift */ = {isa = PBXFileReference; fileEncoding = 4; lastKnownFileType = sourcecode.swift; path = ContentView.swift; sourceTree = "<group>"; };
		B3BEDEE32A50651700861533 /* UserDefault.swift */ = {isa = PBXFileReference; fileEncoding = 4; lastKnownFileType = sourcecode.swift; path = UserDefault.swift; sourceTree = "<group>"; };
		B3BEDEE42A50651700861533 /* Utility.swift */ = {isa = PBXFileReference; fileEncoding = 4; lastKnownFileType = sourcecode.swift; path = Utility.swift; sourceTree = "<group>"; };
		B3BEDEE52A50651700861533 /* Toast.swift */ = {isa = PBXFileReference; fileEncoding = 4; lastKnownFileType = sourcecode.swift; path = Toast.swift; sourceTree = "<group>"; };
		B3BEDEE92A50653B00861533 /* Assets.xcassets */ = {isa = PBXFileReference; lastKnownFileType = folder.assetcatalog; path = Assets.xcassets; sourceTree = "<group>"; };
		CC2584A42A54D0B200FCDBE8 /* AuthenticationViewModel.swift */ = {isa = PBXFileReference; lastKnownFileType = sourcecode.swift; path = AuthenticationViewModel.swift; sourceTree = "<group>"; };
		CC2584A92A54D28800FCDBE8 /* GoogleSignInButton.swift */ = {isa = PBXFileReference; lastKnownFileType = sourcecode.swift; path = GoogleSignInButton.swift; sourceTree = "<group>"; };
		CC2584AB2A54D2E000FCDBE8 /* LoginView.swift */ = {isa = PBXFileReference; lastKnownFileType = sourcecode.swift; path = LoginView.swift; sourceTree = "<group>"; };
		CC2584AD2A54D30A00FCDBE8 /* HomeView.swift */ = {isa = PBXFileReference; lastKnownFileType = sourcecode.swift; path = HomeView.swift; sourceTree = "<group>"; };
		CC2584AF2A54ECC400FCDBE8 /* CircleLoadingView.swift */ = {isa = PBXFileReference; lastKnownFileType = sourcecode.swift; path = CircleLoadingView.swift; sourceTree = "<group>"; };
		CC2584B32A5621D100FCDBE8 /* CircleWalletViewModel.swift */ = {isa = PBXFileReference; fileEncoding = 4; lastKnownFileType = sourcecode.swift; path = CircleWalletViewModel.swift; sourceTree = "<group>"; };
		CC5CDDA12A54B21800518BA9 /* Info.plist */ = {isa = PBXFileReference; lastKnownFileType = text.plist; path = Info.plist; sourceTree = "<group>"; };
		ED19DFB9C55BB7A8A6609DD9 /* Pods-w3s-ios-sample-app-wallets.release.xcconfig */ = {isa = PBXFileReference; includeInIndex = 1; lastKnownFileType = text.xcconfig; name = "Pods-w3s-ios-sample-app-wallets.release.xcconfig"; path = "Target Support Files/Pods-w3s-ios-sample-app-wallets/Pods-w3s-ios-sample-app-wallets.release.xcconfig"; sourceTree = "<group>"; };
		F095FAC15E5990E5728EEDA8 /* Pods_w3s_ios_sample_app_wallets.framework */ = {isa = PBXFileReference; explicitFileType = wrapper.framework; includeInIndex = 0; path = Pods_w3s_ios_sample_app_wallets.framework; sourceTree = BUILT_PRODUCTS_DIR; };
/* End PBXFileReference section */

/* Begin PBXFrameworksBuildPhase section */
		B3BEDEC82A50648300861533 /* Frameworks */ = {
			isa = PBXFrameworksBuildPhase;
			buildActionMask = 2147483647;
			files = (
				CC2584A82A54D25500FCDBE8 /* GoogleSignInSwift in Frameworks */,
				8A87EF21CDDBF222A8D83F4F /* Pods_w3s_ios_sample_app_wallets.framework in Frameworks */,
				CC2584A32A54CD0F00FCDBE8 /* FirebaseAuth in Frameworks */,
			);
			runOnlyForDeploymentPostprocessing = 0;
		};
/* End PBXFrameworksBuildPhase section */

/* Begin PBXGroup section */
		236289942EEF3E29EB4B4D89 /* Frameworks */ = {
			isa = PBXGroup;
			children = (
				F095FAC15E5990E5728EEDA8 /* Pods_w3s_ios_sample_app_wallets.framework */,
			);
			name = Frameworks;
			sourceTree = "<group>";
		};
		A545D7E455DC40E67E40F7C1 /* Pods */ = {
			isa = PBXGroup;
			children = (
				2A3CF7646C645C27CFAD775D /* Pods-w3s-ios-sample-app-wallets.debug.xcconfig */,
				ED19DFB9C55BB7A8A6609DD9 /* Pods-w3s-ios-sample-app-wallets.release.xcconfig */,
			);
			path = Pods;
			sourceTree = "<group>";
		};
		B3BEDEC22A50648300861533 = {
			isa = PBXGroup;
			children = (
				B3BEDECD2A50648300861533 /* w3s-ios-sample-app-wallets */,
				B3BEDECC2A50648300861533 /* Products */,
				A545D7E455DC40E67E40F7C1 /* Pods */,
				236289942EEF3E29EB4B4D89 /* Frameworks */,
			);
			sourceTree = "<group>";
		};
		B3BEDECC2A50648300861533 /* Products */ = {
			isa = PBXGroup;
			children = (
				B3BEDECB2A50648300861533 /* w3s-ios-sample-app-wallets.app */,
			);
			name = Products;
			sourceTree = "<group>";
		};
		B3BEDECD2A50648300861533 /* w3s-ios-sample-app-wallets */ = {
			isa = PBXGroup;
			children = (
				0C961FFE2A58A8600070883F /* w3s-ios-sample-app-wallets.entitlements */,
				CC5CDDA12A54B21800518BA9 /* Info.plist */,
				B3BEDEE92A50653B00861533 /* Assets.xcassets */,
				B3BEDECE2A50648300861533 /* w3s_ios_sample_app_walletsApp.swift */,
				B3BEDEDD2A5064E800861533 /* ContentView.swift */,
				0CE8F6462A5CDC26002BAFA1 /* GoogleService-Info.plist */,
				B3BEDEDC2A5064E800861533 /* WalletSdkAdapter.swift */,
				B3BEDEE22A50651700861533 /* Helpers */,
				B3BEDED42A50648400861533 /* Preview Content */,
				CC2584A42A54D0B200FCDBE8 /* AuthenticationViewModel.swift */,
				CC2584A92A54D28800FCDBE8 /* GoogleSignInButton.swift */,
				CC2584B32A5621D100FCDBE8 /* CircleWalletViewModel.swift */,
				CC2584AB2A54D2E000FCDBE8 /* LoginView.swift */,
				CC2584AD2A54D30A00FCDBE8 /* HomeView.swift */,
				CC2584AF2A54ECC400FCDBE8 /* CircleLoadingView.swift */,
			);
			path = "w3s-ios-sample-app-wallets";
			sourceTree = "<group>";
		};
		B3BEDED42A50648400861533 /* Preview Content */ = {
			isa = PBXGroup;
			children = (
				B3BEDED52A50648400861533 /* Preview Assets.xcassets */,
			);
			path = "Preview Content";
			sourceTree = "<group>";
		};
		B3BEDEE22A50651700861533 /* Helpers */ = {
			isa = PBXGroup;
			children = (
				B3BEDEE32A50651700861533 /* UserDefault.swift */,
				B3BEDEE42A50651700861533 /* Utility.swift */,
				B3BEDEE52A50651700861533 /* Toast.swift */,
			);
			path = Helpers;
			sourceTree = "<group>";
		};
/* End PBXGroup section */

/* Begin PBXNativeTarget section */
		B3BEDECA2A50648300861533 /* w3s-ios-sample-app-wallets */ = {
			isa = PBXNativeTarget;
			buildConfigurationList = B3BEDED92A50648400861533 /* Build configuration list for PBXNativeTarget "w3s-ios-sample-app-wallets" */;
			buildPhases = (
				C716E2BB3000003F5BD803E1 /* [CP] Check Pods Manifest.lock */,
				B3BEDEC72A50648300861533 /* Sources */,
				B3BEDEC82A50648300861533 /* Frameworks */,
				B3BEDEC92A50648300861533 /* Resources */,
				A6C197F8D8C91907C988C29B /* [CP] Copy Pods Resources */,
			);
			buildRules = (
			);
			dependencies = (
			);
			name = "w3s-ios-sample-app-wallets";
			packageProductDependencies = (
				CC2584A22A54CD0F00FCDBE8 /* FirebaseAuth */,
				CC2584A72A54D25500FCDBE8 /* GoogleSignInSwift */,
			);
			productName = "w3s-ios-sample-app-wallets";
			productReference = B3BEDECB2A50648300861533 /* w3s-ios-sample-app-wallets.app */;
			productType = "com.apple.product-type.application";
		};
/* End PBXNativeTarget section */

/* Begin PBXProject section */
		B3BEDEC32A50648300861533 /* Project object */ = {
			isa = PBXProject;
			attributes = {
				BuildIndependentTargetsInParallel = 1;
				LastSwiftUpdateCheck = 1430;
				LastUpgradeCheck = 1430;
				TargetAttributes = {
					B3BEDECA2A50648300861533 = {
						CreatedOnToolsVersion = 14.3.1;
					};
				};
			};
			buildConfigurationList = B3BEDEC62A50648300861533 /* Build configuration list for PBXProject "w3s-ios-sample-app-wallets" */;
			compatibilityVersion = "Xcode 14.0";
			developmentRegion = en;
			hasScannedForEncodings = 0;
			knownRegions = (
				en,
				Base,
			);
			mainGroup = B3BEDEC22A50648300861533;
			packageReferences = (
				CC2584A12A54CD0F00FCDBE8 /* XCRemoteSwiftPackageReference "firebase-ios-sdk" */,
				CC2584A62A54D25500FCDBE8 /* XCRemoteSwiftPackageReference "GoogleSignIn-iOS" */,
			);
			productRefGroup = B3BEDECC2A50648300861533 /* Products */;
			projectDirPath = "";
			projectRoot = "";
			targets = (
				B3BEDECA2A50648300861533 /* w3s-ios-sample-app-wallets */,
			);
		};
/* End PBXProject section */

/* Begin PBXResourcesBuildPhase section */
		B3BEDEC92A50648300861533 /* Resources */ = {
			isa = PBXResourcesBuildPhase;
			buildActionMask = 2147483647;
			files = (
				B3BEDEEA2A50653C00861533 /* Assets.xcassets in Resources */,
				B3BEDED62A50648400861533 /* Preview Assets.xcassets in Resources */,
				0CE8F6472A5CDC26002BAFA1 /* GoogleService-Info.plist in Resources */,
			);
			runOnlyForDeploymentPostprocessing = 0;
		};
/* End PBXResourcesBuildPhase section */

/* Begin PBXShellScriptBuildPhase section */
		A6C197F8D8C91907C988C29B /* [CP] Copy Pods Resources */ = {
			isa = PBXShellScriptBuildPhase;
			buildActionMask = 2147483647;
			files = (
			);
			inputFileListPaths = (
				"${PODS_ROOT}/Target Support Files/Pods-w3s-ios-sample-app-wallets/Pods-w3s-ios-sample-app-wallets-resources-${CONFIGURATION}-input-files.xcfilelist",
			);
			name = "[CP] Copy Pods Resources";
			outputFileListPaths = (
				"${PODS_ROOT}/Target Support Files/Pods-w3s-ios-sample-app-wallets/Pods-w3s-ios-sample-app-wallets-resources-${CONFIGURATION}-output-files.xcfilelist",
			);
			runOnlyForDeploymentPostprocessing = 0;
			shellPath = /bin/sh;
			shellScript = "\"${PODS_ROOT}/Target Support Files/Pods-w3s-ios-sample-app-wallets/Pods-w3s-ios-sample-app-wallets-resources.sh\"\n";
			showEnvVarsInLog = 0;
		};
		C716E2BB3000003F5BD803E1 /* [CP] Check Pods Manifest.lock */ = {
			isa = PBXShellScriptBuildPhase;
			buildActionMask = 2147483647;
			files = (
			);
			inputFileListPaths = (
			);
			inputPaths = (
				"${PODS_PODFILE_DIR_PATH}/Podfile.lock",
				"${PODS_ROOT}/Manifest.lock",
			);
			name = "[CP] Check Pods Manifest.lock";
			outputFileListPaths = (
			);
			outputPaths = (
				"$(DERIVED_FILE_DIR)/Pods-w3s-ios-sample-app-wallets-checkManifestLockResult.txt",
			);
			runOnlyForDeploymentPostprocessing = 0;
			shellPath = /bin/sh;
			shellScript = "diff \"${PODS_PODFILE_DIR_PATH}/Podfile.lock\" \"${PODS_ROOT}/Manifest.lock\" > /dev/null\nif [ $? != 0 ] ; then\n    # print error to STDERR\n    echo \"error: The sandbox is not in sync with the Podfile.lock. Run 'pod install' or update your CocoaPods installation.\" >&2\n    exit 1\nfi\n# This output is used by Xcode 'outputs' to avoid re-running this script phase.\necho \"SUCCESS\" > \"${SCRIPT_OUTPUT_FILE_0}\"\n";
			showEnvVarsInLog = 0;
		};
/* End PBXShellScriptBuildPhase section */

/* Begin PBXSourcesBuildPhase section */
		B3BEDEC72A50648300861533 /* Sources */ = {
			isa = PBXSourcesBuildPhase;
			buildActionMask = 2147483647;
			files = (
				B3BEDEE72A50651700861533 /* Utility.swift in Sources */,
				B3BEDEE82A50651700861533 /* Toast.swift in Sources */,
				CC2584A52A54D0B200FCDBE8 /* AuthenticationViewModel.swift in Sources */,
				CC2584AE2A54D30A00FCDBE8 /* HomeView.swift in Sources */,
				CC2584AC2A54D2E000FCDBE8 /* LoginView.swift in Sources */,
				B3BEDEE62A50651700861533 /* UserDefault.swift in Sources */,
				CC2584AA2A54D28800FCDBE8 /* GoogleSignInButton.swift in Sources */,
				B3BEDECF2A50648300861533 /* w3s_ios_sample_app_walletsApp.swift in Sources */,
				B3BEDEDE2A5064E800861533 /* WalletSdkAdapter.swift in Sources */,
				CC2584B42A5621D200FCDBE8 /* CircleWalletViewModel.swift in Sources */,
				B3BEDEDF2A5064E800861533 /* ContentView.swift in Sources */,
				CC2584B02A54ECC400FCDBE8 /* CircleLoadingView.swift in Sources */,
			);
			runOnlyForDeploymentPostprocessing = 0;
		};
/* End PBXSourcesBuildPhase section */

/* Begin XCBuildConfiguration section */
		B3BEDED72A50648400861533 /* Debug */ = {
			isa = XCBuildConfiguration;
			buildSettings = {
				ALWAYS_SEARCH_USER_PATHS = NO;
				CLANG_ANALYZER_NONNULL = YES;
				CLANG_ANALYZER_NUMBER_OBJECT_CONVERSION = YES_AGGRESSIVE;
				CLANG_CXX_LANGUAGE_STANDARD = "gnu++20";
				CLANG_ENABLE_MODULES = YES;
				CLANG_ENABLE_OBJC_ARC = YES;
				CLANG_ENABLE_OBJC_WEAK = YES;
				CLANG_WARN_BLOCK_CAPTURE_AUTORELEASING = YES;
				CLANG_WARN_BOOL_CONVERSION = YES;
				CLANG_WARN_COMMA = YES;
				CLANG_WARN_CONSTANT_CONVERSION = YES;
				CLANG_WARN_DEPRECATED_OBJC_IMPLEMENTATIONS = YES;
				CLANG_WARN_DIRECT_OBJC_ISA_USAGE = YES_ERROR;
				CLANG_WARN_DOCUMENTATION_COMMENTS = YES;
				CLANG_WARN_EMPTY_BODY = YES;
				CLANG_WARN_ENUM_CONVERSION = YES;
				CLANG_WARN_INFINITE_RECURSION = YES;
				CLANG_WARN_INT_CONVERSION = YES;
				CLANG_WARN_NON_LITERAL_NULL_CONVERSION = YES;
				CLANG_WARN_OBJC_IMPLICIT_RETAIN_SELF = YES;
				CLANG_WARN_OBJC_LITERAL_CONVERSION = YES;
				CLANG_WARN_OBJC_ROOT_CLASS = YES_ERROR;
				CLANG_WARN_QUOTED_INCLUDE_IN_FRAMEWORK_HEADER = YES;
				CLANG_WARN_RANGE_LOOP_ANALYSIS = YES;
				CLANG_WARN_STRICT_PROTOTYPES = YES;
				CLANG_WARN_SUSPICIOUS_MOVE = YES;
				CLANG_WARN_UNGUARDED_AVAILABILITY = YES_AGGRESSIVE;
				CLANG_WARN_UNREACHABLE_CODE = YES;
				CLANG_WARN__DUPLICATE_METHOD_MATCH = YES;
				COPY_PHASE_STRIP = NO;
				DEBUG_INFORMATION_FORMAT = dwarf;
				ENABLE_STRICT_OBJC_MSGSEND = YES;
				ENABLE_TESTABILITY = YES;
				GCC_C_LANGUAGE_STANDARD = gnu11;
				GCC_DYNAMIC_NO_PIC = NO;
				GCC_NO_COMMON_BLOCKS = YES;
				GCC_OPTIMIZATION_LEVEL = 0;
				GCC_PREPROCESSOR_DEFINITIONS = (
					"DEBUG=1",
					"$(inherited)",
				);
				GCC_WARN_64_TO_32_BIT_CONVERSION = YES;
				GCC_WARN_ABOUT_RETURN_TYPE = YES_ERROR;
				GCC_WARN_UNDECLARED_SELECTOR = YES;
				GCC_WARN_UNINITIALIZED_AUTOS = YES_AGGRESSIVE;
				GCC_WARN_UNUSED_FUNCTION = YES;
				GCC_WARN_UNUSED_VARIABLE = YES;
				IPHONEOS_DEPLOYMENT_TARGET = 16.4;
				MTL_ENABLE_DEBUG_INFO = INCLUDE_SOURCE;
				MTL_FAST_MATH = YES;
				ONLY_ACTIVE_ARCH = YES;
				SDKROOT = iphoneos;
				SWIFT_ACTIVE_COMPILATION_CONDITIONS = DEBUG;
				SWIFT_OPTIMIZATION_LEVEL = "-Onone";
			};
			name = Debug;
		};
		B3BEDED82A50648400861533 /* Release */ = {
			isa = XCBuildConfiguration;
			buildSettings = {
				ALWAYS_SEARCH_USER_PATHS = NO;
				CLANG_ANALYZER_NONNULL = YES;
				CLANG_ANALYZER_NUMBER_OBJECT_CONVERSION = YES_AGGRESSIVE;
				CLANG_CXX_LANGUAGE_STANDARD = "gnu++20";
				CLANG_ENABLE_MODULES = YES;
				CLANG_ENABLE_OBJC_ARC = YES;
				CLANG_ENABLE_OBJC_WEAK = YES;
				CLANG_WARN_BLOCK_CAPTURE_AUTORELEASING = YES;
				CLANG_WARN_BOOL_CONVERSION = YES;
				CLANG_WARN_COMMA = YES;
				CLANG_WARN_CONSTANT_CONVERSION = YES;
				CLANG_WARN_DEPRECATED_OBJC_IMPLEMENTATIONS = YES;
				CLANG_WARN_DIRECT_OBJC_ISA_USAGE = YES_ERROR;
				CLANG_WARN_DOCUMENTATION_COMMENTS = YES;
				CLANG_WARN_EMPTY_BODY = YES;
				CLANG_WARN_ENUM_CONVERSION = YES;
				CLANG_WARN_INFINITE_RECURSION = YES;
				CLANG_WARN_INT_CONVERSION = YES;
				CLANG_WARN_NON_LITERAL_NULL_CONVERSION = YES;
				CLANG_WARN_OBJC_IMPLICIT_RETAIN_SELF = YES;
				CLANG_WARN_OBJC_LITERAL_CONVERSION = YES;
				CLANG_WARN_OBJC_ROOT_CLASS = YES_ERROR;
				CLANG_WARN_QUOTED_INCLUDE_IN_FRAMEWORK_HEADER = YES;
				CLANG_WARN_RANGE_LOOP_ANALYSIS = YES;
				CLANG_WARN_STRICT_PROTOTYPES = YES;
				CLANG_WARN_SUSPICIOUS_MOVE = YES;
				CLANG_WARN_UNGUARDED_AVAILABILITY = YES_AGGRESSIVE;
				CLANG_WARN_UNREACHABLE_CODE = YES;
				CLANG_WARN__DUPLICATE_METHOD_MATCH = YES;
				COPY_PHASE_STRIP = NO;
				DEBUG_INFORMATION_FORMAT = "dwarf-with-dsym";
				ENABLE_NS_ASSERTIONS = NO;
				ENABLE_STRICT_OBJC_MSGSEND = YES;
				GCC_C_LANGUAGE_STANDARD = gnu11;
				GCC_NO_COMMON_BLOCKS = YES;
				GCC_WARN_64_TO_32_BIT_CONVERSION = YES;
				GCC_WARN_ABOUT_RETURN_TYPE = YES_ERROR;
				GCC_WARN_UNDECLARED_SELECTOR = YES;
				GCC_WARN_UNINITIALIZED_AUTOS = YES_AGGRESSIVE;
				GCC_WARN_UNUSED_FUNCTION = YES;
				GCC_WARN_UNUSED_VARIABLE = YES;
				IPHONEOS_DEPLOYMENT_TARGET = 16.4;
				MTL_ENABLE_DEBUG_INFO = NO;
				MTL_FAST_MATH = YES;
				SDKROOT = iphoneos;
				SWIFT_COMPILATION_MODE = wholemodule;
				SWIFT_OPTIMIZATION_LEVEL = "-O";
				VALIDATE_PRODUCT = YES;
			};
			name = Release;
		};
		B3BEDEDA2A50648400861533 /* Debug */ = {
			isa = XCBuildConfiguration;
			baseConfigurationReference = 2A3CF7646C645C27CFAD775D /* Pods-w3s-ios-sample-app-wallets.debug.xcconfig */;
			buildSettings = {
				ASSETCATALOG_COMPILER_APPICON_NAME = AppIcon;
				ASSETCATALOG_COMPILER_GLOBAL_ACCENT_COLOR_NAME = AccentColor;
				CODE_SIGN_ENTITLEMENTS = "w3s-ios-sample-app-wallets/w3s-ios-sample-app-wallets.entitlements";
				CODE_SIGN_STYLE = Automatic;
				CURRENT_PROJECT_VERSION = 1;
				DEVELOPMENT_ASSET_PATHS = "\"w3s-ios-sample-app-wallets/Preview Content\"";
				DEVELOPMENT_TEAM = R3GN388F69;
				ENABLE_PREVIEWS = YES;
				GENERATE_INFOPLIST_FILE = YES;
				INFOPLIST_FILE = "w3s-ios-sample-app-wallets/Info.plist";
				INFOPLIST_KEY_CFBundleDisplayName = "Circle Wallet Generator";
				INFOPLIST_KEY_UIApplicationSceneManifest_Generation = YES;
				INFOPLIST_KEY_UIApplicationSupportsIndirectInputEvents = YES;
				INFOPLIST_KEY_UILaunchScreen_Generation = YES;
				INFOPLIST_KEY_UISupportedInterfaceOrientations_iPad = "UIInterfaceOrientationPortrait UIInterfaceOrientationPortraitUpsideDown UIInterfaceOrientationLandscapeLeft UIInterfaceOrientationLandscapeRight";
				INFOPLIST_KEY_UISupportedInterfaceOrientations_iPhone = "UIInterfaceOrientationPortrait UIInterfaceOrientationLandscapeLeft UIInterfaceOrientationLandscapeRight";
				IPHONEOS_DEPLOYMENT_TARGET = 16.0;
				LD_RUNPATH_SEARCH_PATHS = (
					"$(inherited)",
					"@executable_path/Frameworks",
				);
				MARKETING_VERSION = 1.0.0;
				PRODUCT_BUNDLE_IDENTIFIER = "com.dhlabs.circle-wallet-generator";
				PRODUCT_NAME = "$(TARGET_NAME)";
				SWIFT_EMIT_LOC_STRINGS = YES;
				SWIFT_VERSION = 5.0;
				TARGETED_DEVICE_FAMILY = "1,2";
			};
			name = Debug;
		};
		B3BEDEDB2A50648400861533 /* Release */ = {
			isa = XCBuildConfiguration;
			baseConfigurationReference = ED19DFB9C55BB7A8A6609DD9 /* Pods-w3s-ios-sample-app-wallets.release.xcconfig */;
			buildSettings = {
				ASSETCATALOG_COMPILER_APPICON_NAME = AppIcon;
				ASSETCATALOG_COMPILER_GLOBAL_ACCENT_COLOR_NAME = AccentColor;
				CODE_SIGN_ENTITLEMENTS = "w3s-ios-sample-app-wallets/w3s-ios-sample-app-wallets.entitlements";
				CODE_SIGN_STYLE = Automatic;
				CURRENT_PROJECT_VERSION = 1;
				DEVELOPMENT_ASSET_PATHS = "\"w3s-ios-sample-app-wallets/Preview Content\"";
				DEVELOPMENT_TEAM = R3GN388F69;
				ENABLE_PREVIEWS = YES;
				GENERATE_INFOPLIST_FILE = YES;
				INFOPLIST_FILE = "w3s-ios-sample-app-wallets/Info.plist";
				INFOPLIST_KEY_CFBundleDisplayName = "Circle Wallet Generator";
				INFOPLIST_KEY_UIApplicationSceneManifest_Generation = YES;
				INFOPLIST_KEY_UIApplicationSupportsIndirectInputEvents = YES;
				INFOPLIST_KEY_UILaunchScreen_Generation = YES;
				INFOPLIST_KEY_UISupportedInterfaceOrientations_iPad = "UIInterfaceOrientationPortrait UIInterfaceOrientationPortraitUpsideDown UIInterfaceOrientationLandscapeLeft UIInterfaceOrientationLandscapeRight";
				INFOPLIST_KEY_UISupportedInterfaceOrientations_iPhone = "UIInterfaceOrientationPortrait UIInterfaceOrientationLandscapeLeft UIInterfaceOrientationLandscapeRight";
				IPHONEOS_DEPLOYMENT_TARGET = 16.0;
				LD_RUNPATH_SEARCH_PATHS = (
					"$(inherited)",
					"@executable_path/Frameworks",
				);
				MARKETING_VERSION = 1.0.0;
				PRODUCT_BUNDLE_IDENTIFIER = "com.dhlabs.circle-wallet-generator";
				PRODUCT_NAME = "$(TARGET_NAME)";
				SWIFT_EMIT_LOC_STRINGS = YES;
				SWIFT_VERSION = 5.0;
				TARGETED_DEVICE_FAMILY = "1,2";
			};
			name = Release;
		};
/* End XCBuildConfiguration section */

/* Begin XCConfigurationList section */
		B3BEDEC62A50648300861533 /* Build configuration list for PBXProject "w3s-ios-sample-app-wallets" */ = {
			isa = XCConfigurationList;
			buildConfigurations = (
				B3BEDED72A50648400861533 /* Debug */,
				B3BEDED82A50648400861533 /* Release */,
			);
			defaultConfigurationIsVisible = 0;
			defaultConfigurationName = Release;
		};
		B3BEDED92A50648400861533 /* Build configuration list for PBXNativeTarget "w3s-ios-sample-app-wallets" */ = {
			isa = XCConfigurationList;
			buildConfigurations = (
				B3BEDEDA2A50648400861533 /* Debug */,
				B3BEDEDB2A50648400861533 /* Release */,
			);
			defaultConfigurationIsVisible = 0;
			defaultConfigurationName = Release;
		};
/* End XCConfigurationList section */

/* Begin XCRemoteSwiftPackageReference section */
		CC2584A12A54CD0F00FCDBE8 /* XCRemoteSwiftPackageReference "firebase-ios-sdk" */ = {
			isa = XCRemoteSwiftPackageReference;
			repositoryURL = "https://github.com/firebase/firebase-ios-sdk";
			requirement = {
				kind = upToNextMajorVersion;
				minimumVersion = 10.0.0;
			};
		};
		CC2584A62A54D25500FCDBE8 /* XCRemoteSwiftPackageReference "GoogleSignIn-iOS" */ = {
			isa = XCRemoteSwiftPackageReference;
			repositoryURL = "https://github.com/google/GoogleSignIn-iOS";
			requirement = {
				kind = upToNextMajorVersion;
				minimumVersion = 7.0.0;
			};
		};
/* End XCRemoteSwiftPackageReference section */

/* Begin XCSwiftPackageProductDependency section */
		CC2584A22A54CD0F00FCDBE8 /* FirebaseAuth */ = {
			isa = XCSwiftPackageProductDependency;
			package = CC2584A12A54CD0F00FCDBE8 /* XCRemoteSwiftPackageReference "firebase-ios-sdk" */;
			productName = FirebaseAuth;
		};
		CC2584A72A54D25500FCDBE8 /* GoogleSignInSwift */ = {
			isa = XCSwiftPackageProductDependency;
			package = CC2584A62A54D25500FCDBE8 /* XCRemoteSwiftPackageReference "GoogleSignIn-iOS" */;
			productName = GoogleSignInSwift;
		};
/* End XCSwiftPackageProductDependency section */
	};
	rootObject = B3BEDEC32A50648300861533 /* Project object */;
}
